
Microsoft Visual Studio Solution File, Format Version 12.00
# Visual Studio Version 16
VisualStudioVersion = 16.0.29215.179
MinimumVisualStudioVersion = 10.0.40219.1
Project("{8BC9CEB8-8B4A-11D0-8D11-00A0C91BC942}") = "Lab10GraphsDLL", "Lab10GraphsDLL\Lab10GraphsDLL.vcxproj", "{2E482E56-6D46-49C3-AD3F-6AE414915967}"
EndProject
Project("{8BC9CEB8-8B4A-11D0-8D11-00A0C91BC942}") = "Lab10GraphsEXE", "Lab10GraphsEXE\Lab10GraphsEXE.vcxproj", "{49434603-6F36-49C4-A377-2DBB5D99EB2F}"
EndProject
Project("{8BC9CEB8-8B4A-11D0-8D11-00A0C91BC942}") = "GraphsUnitTests", "GraphsUnitTests\GraphsUnitTests.vcxproj", "{4987B9A1-3048-4AA2-94A5-A9A0DA4303D9}"
EndProject
Global
	GlobalSection(SolutionConfigurationPlatforms) = preSolution
		Debug|x64 = Debug|x64
		Debug|x86 = Debug|x86
		Release|x64 = Release|x64
		Release|x86 = Release|x86
	EndGlobalSection
	GlobalSection(ProjectConfigurationPlatforms) = postSolution
		{2E482E56-6D46-49C3-AD3F-6AE414915967}.Debug|x64.ActiveCfg = Debug|x64
		{2E482E56-6D46-49C3-AD3F-6AE414915967}.Debug|x64.Build.0 = Debug|x64
		{2E482E56-6D46-49C3-AD3F-6AE414915967}.Debug|x86.ActiveCfg = Debug|Win32
		{2E482E56-6D46-49C3-AD3F-6AE414915967}.Debug|x86.Build.0 = Debug|Win32
		{2E482E56-6D46-49C3-AD3F-6AE414915967}.Release|x64.ActiveCfg = Release|x64
		{2E482E56-6D46-49C3-AD3F-6AE414915967}.Release|x64.Build.0 = Release|x64
		{2E482E56-6D46-49C3-AD3F-6AE414915967}.Release|x86.ActiveCfg = Release|Win32
		{2E482E56-6D46-49C3-AD3F-6AE414915967}.Release|x86.Build.0 = Release|Win32
		{49434603-6F36-49C4-A377-2DBB5D99EB2F}.Debug|x64.ActiveCfg = Debug|x64
		{49434603-6F36-49C4-A377-2DBB5D99EB2F}.Debug|x64.Build.0 = Debug|x64
		{49434603-6F36-49C4-A377-2DBB5D99EB2F}.Debug|x86.ActiveCfg = Debug|Win32
		{49434603-6F36-49C4-A377-2DBB5D99EB2F}.Debug|x86.Build.0 = Debug|Win32
		{49434603-6F36-49C4-A377-2DBB5D99EB2F}.Release|x64.ActiveCfg = Release|x64
		{49434603-6F36-49C4-A377-2DBB5D99EB2F}.Release|x64.Build.0 = Release|x64
		{49434603-6F36-49C4-A377-2DBB5D99EB2F}.Release|x86.ActiveCfg = Release|Win32
		{49434603-6F36-49C4-A377-2DBB5D99EB2F}.Release|x86.Build.0 = Release|Win32
		{4987B9A1-3048-4AA2-94A5-A9A0DA4303D9}.Debug|x64.ActiveCfg = Debug|x64
		{4987B9A1-3048-4AA2-94A5-A9A0DA4303D9}.Debug|x64.Build.0 = Debug|x64
		{4987B9A1-3048-4AA2-94A5-A9A0DA4303D9}.Debug|x86.ActiveCfg = Debug|Win32
		{4987B9A1-3048-4AA2-94A5-A9A0DA4303D9}.Debug|x86.Build.0 = Debug|Win32
		{4987B9A1-3048-4AA2-94A5-A9A0DA4303D9}.Release|x64.ActiveCfg = Release|x64
		{4987B9A1-3048-4AA2-94A5-A9A0DA4303D9}.Release|x64.Build.0 = Release|x64
		{4987B9A1-3048-4AA2-94A5-A9A0DA4303D9}.Release|x86.ActiveCfg = Release|Win32
		{4987B9A1-3048-4AA2-94A5-A9A0DA4303D9}.Release|x86.Build.0 = Release|Win32
	EndGlobalSection
	GlobalSection(SolutionProperties) = preSolution
		HideSolutionNode = FALSE
	EndGlobalSection
	GlobalSection(ExtensibilityGlobals) = postSolution
		SolutionGuid = {B75B9B94-CEFE-4B2A-8297-31DC891539AD}
	EndGlobalSection
EndGlobal
